
Microsoft Visual Studio Solution File, Format Version 12.00
# Visual Studio Version 16
VisualStudioVersion = 16.0.29728.190
MinimumVisualStudioVersion = 10.0.40219.1
Project("{FAE04EC0-301F-11D3-BF4B-00C04F79EFBC}") = "RPSLS", "RPSLS\RPSLS.csproj", "{D82B4AE1-4615-4EA1-88BF-08DCBF196AEC}"
EndProject
Global
	GlobalSection(SolutionConfigurationPlatforms) = preSolution
		Debug|Any CPU = Debug|Any CPU
		Release|Any CPU = Release|Any CPU
	EndGlobalSection
	GlobalSection(ProjectConfigurationPlatforms) = postSolution
		{D82B4AE1-4615-4EA1-88BF-08DCBF196AEC}.Debug|Any CPU.ActiveCfg = Debug|Any CPU
		{D82B4AE1-4615-4EA1-88BF-08DCBF196AEC}.Debug|Any CPU.Build.0 = Debug|Any CPU
		{D82B4AE1-4615-4EA1-88BF-08DCBF196AEC}.Release|Any CPU.ActiveCfg = Release|Any CPU
		{D82B4AE1-4615-4EA1-88BF-08DCBF196AEC}.Release|Any CPU.Build.0 = Release|Any CPU
	EndGlobalSection
	GlobalSection(SolutionProperties) = preSolution
		HideSolutionNode = FALSE
	EndGlobalSection
	GlobalSection(ExtensibilityGlobals) = postSolution
		SolutionGuid = {98B9E45A-5355-49CA-8995-77CE9882E3B8}
	EndGlobalSection
EndGlobal
